
Microsoft Visual Studio Solution File, Format Version 12.00
# Visual Studio Version 17
VisualStudioVersion = 17.8.34511.84
MinimumVisualStudioVersion = 10.0.40219.1
Project("{FAE04EC0-301F-11D3-BF4B-00C04F79EFBC}") = "App1", "App1\App1.csproj", "{12FE5243-59F3-4AE4-86EA-CCD96D0A0CD1}"
EndProject
Global
	GlobalSection(SolutionConfigurationPlatforms) = preSolution
		Debug|Any CPU = Debug|Any CPU
		Release|Any CPU = Release|Any CPU
	EndGlobalSection
	GlobalSection(ProjectConfigurationPlatforms) = postSolution
		{12FE5243-59F3-4AE4-86EA-CCD96D0A0CD1}.Debug|Any CPU.ActiveCfg = Debug|Any CPU
		{12FE5243-59F3-4AE4-86EA-CCD96D0A0CD1}.Debug|Any CPU.Build.0 = Debug|Any CPU
		{12FE5243-59F3-4AE4-86EA-CCD96D0A0CD1}.Release|Any CPU.ActiveCfg = Release|Any CPU
		{12FE5243-59F3-4AE4-86EA-CCD96D0A0CD1}.Release|Any CPU.Build.0 = Release|Any CPU
	EndGlobalSection
	GlobalSection(SolutionProperties) = preSolution
		HideSolutionNode = FALSE
	EndGlobalSection
	GlobalSection(ExtensibilityGlobals) = postSolution
		SolutionGuid = {69A190D0-AF48-4162-A232-A50E90648B98}
	EndGlobalSection
EndGlobal
